
Microsoft Visual Studio Solution File, Format Version 12.00
# Visual Studio Version 16
VisualStudioVersion = 16.0.30104.148
MinimumVisualStudioVersion = 10.0.40219.1
Project("{FAE04EC0-301F-11D3-BF4B-00C04F79EFBC}") = "UP5", "UP5\UP5.csproj", "{320A43DA-5EBC-4B67-A898-3F50C3C6F12D}"
EndProject
Global
	GlobalSection(SolutionConfigurationPlatforms) = preSolution
		Debug|Any CPU = Debug|Any CPU
		Release|Any CPU = Release|Any CPU
	EndGlobalSection
	GlobalSection(ProjectConfigurationPlatforms) = postSolution
		{320A43DA-5EBC-4B67-A898-3F50C3C6F12D}.Debug|Any CPU.ActiveCfg = Debug|Any CPU
		{320A43DA-5EBC-4B67-A898-3F50C3C6F12D}.Debug|Any CPU.Build.0 = Debug|Any CPU
		{320A43DA-5EBC-4B67-A898-3F50C3C6F12D}.Release|Any CPU.ActiveCfg = Release|Any CPU
		{320A43DA-5EBC-4B67-A898-3F50C3C6F12D}.Release|Any CPU.Build.0 = Release|Any CPU
	EndGlobalSection
	GlobalSection(SolutionProperties) = preSolution
		HideSolutionNode = FALSE
	EndGlobalSection
	GlobalSection(ExtensibilityGlobals) = postSolution
		SolutionGuid = {ACA6B5FE-472F-4A77-B24E-8C5D79C4E1F2}
	EndGlobalSection
EndGlobal
